// !$*UTF8*$!
{
	archiveVersion = 1;
	classes = {
	};
	objectVersion = 56;
	objects = {

/* Begin PBXBuildFile section */
		812EEB5F2A1C160200A515A9 /* AddProfile.swift in Sources */ = {isa = PBXBuildFile; fileRef = 812EEB5E2A1C160200A515A9 /* AddProfile.swift */; };
		813F72E42A0A32FB00136610 /* NoteSheet.swift in Sources */ = {isa = PBXBuildFile; fileRef = 813F72E32A0A32FB00136610 /* NoteSheet.swift */; };
		81482C252A221A3D00B0A791 /* ProfileInspector.swift in Sources */ = {isa = PBXBuildFile; fileRef = 81482C242A221A3D00B0A791 /* ProfileInspector.swift */; };
		81482C272A22328900B0A791 /* NewNoteViewModel.swift in Sources */ = {isa = PBXBuildFile; fileRef = 81482C262A22328900B0A791 /* NewNoteViewModel.swift */; };
		814E6ABA2A0969BD00BB6DE2 /* NoteRow.swift in Sources */ = {isa = PBXBuildFile; fileRef = 814E6AB92A0969BD00BB6DE2 /* NoteRow.swift */; };
		814E6ABC2A0973EB00BB6DE2 /* Localization.swift in Sources */ = {isa = PBXBuildFile; fileRef = 814E6ABB2A0973EB00BB6DE2 /* Localization.swift */; };
		815435CC2A30CDC900CA4734 /* HalfASheet in Frameworks */ = {isa = PBXBuildFile; productRef = 815435CB2A30CDC900CA4734 /* HalfASheet */; };
		8154DDA32A13C89200B76173 /* BotViewModel.swift in Sources */ = {isa = PBXBuildFile; fileRef = 8154DDA22A13C89200B76173 /* BotViewModel.swift */; };
		8154DDA52A13C9C800B76173 /* BotView.swift in Sources */ = {isa = PBXBuildFile; fileRef = 8154DDA42A13C9C800B76173 /* BotView.swift */; };
		8176D7642A06C4DA002D4527 /* Manrope-ExtraBold.ttf in Resources */ = {isa = PBXBuildFile; fileRef = 8176D75C2A06C4D9002D4527 /* Manrope-ExtraBold.ttf */; };
		8176D7652A06C4DA002D4527 /* Manrope-Bold.ttf in Resources */ = {isa = PBXBuildFile; fileRef = 8176D75D2A06C4D9002D4527 /* Manrope-Bold.ttf */; };
		8176D7662A06C4DA002D4527 /* Manrope-Light.ttf in Resources */ = {isa = PBXBuildFile; fileRef = 8176D75E2A06C4DA002D4527 /* Manrope-Light.ttf */; };
		8176D7672A06C4DA002D4527 /* Manrope-Regular.ttf in Resources */ = {isa = PBXBuildFile; fileRef = 8176D75F2A06C4DA002D4527 /* Manrope-Regular.ttf */; };
		8176D7682A06C4DA002D4527 /* Manrope-ExtraLight.ttf in Resources */ = {isa = PBXBuildFile; fileRef = 8176D7602A06C4DA002D4527 /* Manrope-ExtraLight.ttf */; };
		8176D76A2A06C4DA002D4527 /* Manrope-Medium.ttf in Resources */ = {isa = PBXBuildFile; fileRef = 8176D7622A06C4DA002D4527 /* Manrope-Medium.ttf */; };
		8176D76B2A06C4DA002D4527 /* Manrope-SemiBold.ttf in Resources */ = {isa = PBXBuildFile; fileRef = 8176D7632A06C4DA002D4527 /* Manrope-SemiBold.ttf */; };
		8176D7822A06C6DE002D4527 /* TabBar.swift in Sources */ = {isa = PBXBuildFile; fileRef = 8176D76E2A06C6DE002D4527 /* TabBar.swift */; };
		8176D7832A06C6DE002D4527 /* Notes.swift in Sources */ = {isa = PBXBuildFile; fileRef = 8176D76F2A06C6DE002D4527 /* Notes.swift */; };
		8176D7852A06C6DE002D4527 /* NewNote.swift in Sources */ = {isa = PBXBuildFile; fileRef = 8176D7712A06C6DE002D4527 /* NewNote.swift */; };
		8176D7862A06C6DE002D4527 /* Home.swift in Sources */ = {isa = PBXBuildFile; fileRef = 8176D7722A06C6DE002D4527 /* Home.swift */; };
		8176D7872A06C6DE002D4527 /* Profile.swift in Sources */ = {isa = PBXBuildFile; fileRef = 8176D7732A06C6DE002D4527 /* Profile.swift */; };
		8176D7882A06C6DE002D4527 /* ImagePicker.swift in Sources */ = {isa = PBXBuildFile; fileRef = 8176D7742A06C6DE002D4527 /* ImagePicker.swift */; };
		8176D7892A06C6DE002D4527 /* Note.swift in Sources */ = {isa = PBXBuildFile; fileRef = 8176D7752A06C6DE002D4527 /* Note.swift */; };
		8176D78A2A06C6DE002D4527 /* MainMessageView.swift in Sources */ = {isa = PBXBuildFile; fileRef = 8176D7762A06C6DE002D4527 /* MainMessageView.swift */; };
		8176D78C2A06C6DE002D4527 /* ZhalobaQuestion.swift in Sources */ = {isa = PBXBuildFile; fileRef = 8176D7782A06C6DE002D4527 /* ZhalobaQuestion.swift */; };
		8176D78D2A06C6DE002D4527 /* ChatView.swift in Sources */ = {isa = PBXBuildFile; fileRef = 8176D7792A06C6DE002D4527 /* ChatView.swift */; };
		8176D78E2A06C6DE002D4527 /* Video.swift in Sources */ = {isa = PBXBuildFile; fileRef = 8176D77A2A06C6DE002D4527 /* Video.swift */; };
		8176D78F2A06C6DE002D4527 /* Color.swift in Sources */ = {isa = PBXBuildFile; fileRef = 8176D77B2A06C6DE002D4527 /* Color.swift */; };
		8176D7902A06C6DE002D4527 /* Zhaloba.swift in Sources */ = {isa = PBXBuildFile; fileRef = 8176D77C2A06C6DE002D4527 /* Zhaloba.swift */; };
		8176D7912A06C6DE002D4527 /* UserViewModel.swift in Sources */ = {isa = PBXBuildFile; fileRef = 8176D77E2A06C6DE002D4527 /* UserViewModel.swift */; };
		8176D7922A06C6DE002D4527 /* ChatViewModel.swift in Sources */ = {isa = PBXBuildFile; fileRef = 8176D77F2A06C6DE002D4527 /* ChatViewModel.swift */; };
		8176D7932A06C6DE002D4527 /* ModelUser.swift in Sources */ = {isa = PBXBuildFile; fileRef = 8176D7812A06C6DE002D4527 /* ModelUser.swift */; };
		8176D7962A06C75F002D4527 /* AgoraUIKit in Frameworks */ = {isa = PBXBuildFile; productRef = 8176D7952A06C75F002D4527 /* AgoraUIKit */; };
		8176D7992A06C7B6002D4527 /* SwiftUICalendar in Frameworks */ = {isa = PBXBuildFile; productRef = 8176D7982A06C7B6002D4527 /* SwiftUICalendar */; };
		8176D79B2A06E6B2002D4527 /* PickerNew.swift in Sources */ = {isa = PBXBuildFile; fileRef = 8176D79A2A06E6B2002D4527 /* PickerNew.swift */; };
		818EACE32A339C3800BEED9D /* GoogleService-Info.plist in Resources */ = {isa = PBXBuildFile; fileRef = 818EACE22A339C3800BEED9D /* GoogleService-Info.plist */; };
		819EB98D2A13E29500C79451 /* Enter.swift in Sources */ = {isa = PBXBuildFile; fileRef = 819EB98C2A13E29500C79451 /* Enter.swift */; };
		819EB9912A13E8EC00C79451 /* Fields.swift in Sources */ = {isa = PBXBuildFile; fileRef = 819EB9902A13E8EC00C79451 /* Fields.swift */; };
		819EB9932A13EC3600C79451 /* AddBuisness.swift in Sources */ = {isa = PBXBuildFile; fileRef = 819EB9922A13EC3600C79451 /* AddBuisness.swift */; };
		81C7CCF12A1E57420004DCF0 /* RegisterView.swift in Sources */ = {isa = PBXBuildFile; fileRef = 81C7CCF02A1E57420004DCF0 /* RegisterView.swift */; };
		81DAE19F2A20F1670076E2E5 /* ProfilViewModel.swift in Sources */ = {isa = PBXBuildFile; fileRef = 81DAE19E2A20F1670076E2E5 /* ProfilViewModel.swift */; };
		81DAE1A12A20F2E80076E2E5 /* MainView.swift in Sources */ = {isa = PBXBuildFile; fileRef = 81DAE1A02A20F2E80076E2E5 /* MainView.swift */; };
		81E2A9CD2A061324002D5BEB /* OpenControlApp.swift in Sources */ = {isa = PBXBuildFile; fileRef = 81E2A9CC2A061324002D5BEB /* OpenControlApp.swift */; };
		81E2A9CF2A061324002D5BEB /* ContentView.swift in Sources */ = {isa = PBXBuildFile; fileRef = 81E2A9CE2A061324002D5BEB /* ContentView.swift */; };
		81E2A9D12A061325002D5BEB /* Assets.xcassets in Resources */ = {isa = PBXBuildFile; fileRef = 81E2A9D02A061325002D5BEB /* Assets.xcassets */; };
		81E2A9D42A061325002D5BEB /* Preview Assets.xcassets in Resources */ = {isa = PBXBuildFile; fileRef = 81E2A9D32A061325002D5BEB /* Preview Assets.xcassets */; };
		81E2A9D62A061325002D5BEB /* Persistence.swift in Sources */ = {isa = PBXBuildFile; fileRef = 81E2A9D52A061325002D5BEB /* Persistence.swift */; };
		81E2A9D92A061325002D5BEB /* OpenControl.xcdatamodeld in Sources */ = {isa = PBXBuildFile; fileRef = 81E2A9D72A061325002D5BEB /* OpenControl.xcdatamodeld */; };
		81E2A9E12A061481002D5BEB /* FirebaseAuth in Frameworks */ = {isa = PBXBuildFile; productRef = 81E2A9E02A061481002D5BEB /* FirebaseAuth */; };
		81E2A9E32A061481002D5BEB /* FirebaseDatabase in Frameworks */ = {isa = PBXBuildFile; productRef = 81E2A9E22A061481002D5BEB /* FirebaseDatabase */; };
		81E2A9E52A061481002D5BEB /* FirebaseFirestore in Frameworks */ = {isa = PBXBuildFile; productRef = 81E2A9E42A061481002D5BEB /* FirebaseFirestore */; };
		81E2A9E72A061481002D5BEB /* FirebaseStorage in Frameworks */ = {isa = PBXBuildFile; productRef = 81E2A9E62A061481002D5BEB /* FirebaseStorage */; };
		81E2A9E92A061494002D5BEB /* SwiftUIView.swift in Sources */ = {isa = PBXBuildFile; fileRef = 81E2A9E82A061494002D5BEB /* SwiftUIView.swift */; };
		81E2A9EB2A0618B2002D5BEB /* Api.swift in Sources */ = {isa = PBXBuildFile; fileRef = 81E2A9EA2A0618B2002D5BEB /* Api.swift */; };
		81E758B72A23ADC800A92EC1 /* NotesViewVodel.swift in Sources */ = {isa = PBXBuildFile; fileRef = 81E758B62A23ADC800A92EC1 /* NotesViewVodel.swift */; };
		81E758B92A23B9E500A92EC1 /* NoteRowViewModel.swift in Sources */ = {isa = PBXBuildFile; fileRef = 81E758B82A23B9E500A92EC1 /* NoteRowViewModel.swift */; };
		81E8FC4E2A07F2AB00DF0653 /* VideoPicker.swift in Sources */ = {isa = PBXBuildFile; fileRef = 81E8FC4D2A07F2AB00DF0653 /* VideoPicker.swift */; };
		81E8FC502A07FA7B00DF0653 /* DocumentPicker.swift in Sources */ = {isa = PBXBuildFile; fileRef = 81E8FC4F2A07FA7B00DF0653 /* DocumentPicker.swift */; };
/* End PBXBuildFile section */

/* Begin PBXFileReference section */
		812EEB5E2A1C160200A515A9 /* AddProfile.swift */ = {isa = PBXFileReference; lastKnownFileType = sourcecode.swift; path = AddProfile.swift; sourceTree = "<group>"; };
		813F72E32A0A32FB00136610 /* NoteSheet.swift */ = {isa = PBXFileReference; lastKnownFileType = sourcecode.swift; path = NoteSheet.swift; sourceTree = "<group>"; };
		81482C242A221A3D00B0A791 /* ProfileInspector.swift */ = {isa = PBXFileReference; lastKnownFileType = sourcecode.swift; path = ProfileInspector.swift; sourceTree = "<group>"; };
		81482C262A22328900B0A791 /* NewNoteViewModel.swift */ = {isa = PBXFileReference; lastKnownFileType = sourcecode.swift; path = NewNoteViewModel.swift; sourceTree = "<group>"; };
		814E6AB92A0969BD00BB6DE2 /* NoteRow.swift */ = {isa = PBXFileReference; lastKnownFileType = sourcecode.swift; path = NoteRow.swift; sourceTree = "<group>"; };
		814E6ABB2A0973EB00BB6DE2 /* Localization.swift */ = {isa = PBXFileReference; lastKnownFileType = sourcecode.swift; path = Localization.swift; sourceTree = "<group>"; };
		8154DDA22A13C89200B76173 /* BotViewModel.swift */ = {isa = PBXFileReference; lastKnownFileType = sourcecode.swift; path = BotViewModel.swift; sourceTree = "<group>"; };
		8154DDA42A13C9C800B76173 /* BotView.swift */ = {isa = PBXFileReference; lastKnownFileType = sourcecode.swift; path = BotView.swift; sourceTree = "<group>"; };
		8176D75C2A06C4D9002D4527 /* Manrope-ExtraBold.ttf */ = {isa = PBXFileReference; lastKnownFileType = file; path = "Manrope-ExtraBold.ttf"; sourceTree = "<group>"; };
		8176D75D2A06C4D9002D4527 /* Manrope-Bold.ttf */ = {isa = PBXFileReference; lastKnownFileType = file; path = "Manrope-Bold.ttf"; sourceTree = "<group>"; };
		8176D75E2A06C4DA002D4527 /* Manrope-Light.ttf */ = {isa = PBXFileReference; lastKnownFileType = file; path = "Manrope-Light.ttf"; sourceTree = "<group>"; };
		8176D75F2A06C4DA002D4527 /* Manrope-Regular.ttf */ = {isa = PBXFileReference; lastKnownFileType = file; path = "Manrope-Regular.ttf"; sourceTree = "<group>"; };
		8176D7602A06C4DA002D4527 /* Manrope-ExtraLight.ttf */ = {isa = PBXFileReference; lastKnownFileType = file; path = "Manrope-ExtraLight.ttf"; sourceTree = "<group>"; };
		8176D7622A06C4DA002D4527 /* Manrope-Medium.ttf */ = {isa = PBXFileReference; lastKnownFileType = file; path = "Manrope-Medium.ttf"; sourceTree = "<group>"; };
		8176D7632A06C4DA002D4527 /* Manrope-SemiBold.ttf */ = {isa = PBXFileReference; lastKnownFileType = file; path = "Manrope-SemiBold.ttf"; sourceTree = "<group>"; };
		8176D76C2A06C56C002D4527 /* Info.plist */ = {isa = PBXFileReference; lastKnownFileType = text.plist; path = Info.plist; sourceTree = "<group>"; };
		8176D76E2A06C6DE002D4527 /* TabBar.swift */ = {isa = PBXFileReference; fileEncoding = 4; lastKnownFileType = sourcecode.swift; path = TabBar.swift; sourceTree = "<group>"; };
		8176D76F2A06C6DE002D4527 /* Notes.swift */ = {isa = PBXFileReference; fileEncoding = 4; lastKnownFileType = sourcecode.swift; path = Notes.swift; sourceTree = "<group>"; };
		8176D7712A06C6DE002D4527 /* NewNote.swift */ = {isa = PBXFileReference; fileEncoding = 4; lastKnownFileType = sourcecode.swift; path = NewNote.swift; sourceTree = "<group>"; };
		8176D7722A06C6DE002D4527 /* Home.swift */ = {isa = PBXFileReference; fileEncoding = 4; lastKnownFileType = sourcecode.swift; path = Home.swift; sourceTree = "<group>"; };
		8176D7732A06C6DE002D4527 /* Profile.swift */ = {isa = PBXFileReference; fileEncoding = 4; lastKnownFileType = sourcecode.swift; path = Profile.swift; sourceTree = "<group>"; };
		8176D7742A06C6DE002D4527 /* ImagePicker.swift */ = {isa = PBXFileReference; fileEncoding = 4; lastKnownFileType = sourcecode.swift; path = ImagePicker.swift; sourceTree = "<group>"; };
		8176D7752A06C6DE002D4527 /* Note.swift */ = {isa = PBXFileReference; fileEncoding = 4; lastKnownFileType = sourcecode.swift; path = Note.swift; sourceTree = "<group>"; };
		8176D7762A06C6DE002D4527 /* MainMessageView.swift */ = {isa = PBXFileReference; fileEncoding = 4; lastKnownFileType = sourcecode.swift; path = MainMessageView.swift; sourceTree = "<group>"; };
		8176D7782A06C6DE002D4527 /* ZhalobaQuestion.swift */ = {isa = PBXFileReference; fileEncoding = 4; lastKnownFileType = sourcecode.swift; path = ZhalobaQuestion.swift; sourceTree = "<group>"; };
		8176D7792A06C6DE002D4527 /* ChatView.swift */ = {isa = PBXFileReference; fileEncoding = 4; lastKnownFileType = sourcecode.swift; path = ChatView.swift; sourceTree = "<group>"; };
		8176D77A2A06C6DE002D4527 /* Video.swift */ = {isa = PBXFileReference; fileEncoding = 4; lastKnownFileType = sourcecode.swift; path = Video.swift; sourceTree = "<group>"; };
		8176D77B2A06C6DE002D4527 /* Color.swift */ = {isa = PBXFileReference; fileEncoding = 4; lastKnownFileType = sourcecode.swift; path = Color.swift; sourceTree = "<group>"; };
		8176D77C2A06C6DE002D4527 /* Zhaloba.swift */ = {isa = PBXFileReference; fileEncoding = 4; lastKnownFileType = sourcecode.swift; path = Zhaloba.swift; sourceTree = "<group>"; };
		8176D77E2A06C6DE002D4527 /* UserViewModel.swift */ = {isa = PBXFileReference; fileEncoding = 4; lastKnownFileType = sourcecode.swift; path = UserViewModel.swift; sourceTree = "<group>"; };
		8176D77F2A06C6DE002D4527 /* ChatViewModel.swift */ = {isa = PBXFileReference; fileEncoding = 4; lastKnownFileType = sourcecode.swift; path = ChatViewModel.swift; sourceTree = "<group>"; };
		8176D7812A06C6DE002D4527 /* ModelUser.swift */ = {isa = PBXFileReference; fileEncoding = 4; lastKnownFileType = sourcecode.swift; path = ModelUser.swift; sourceTree = "<group>"; };
		8176D79A2A06E6B2002D4527 /* PickerNew.swift */ = {isa = PBXFileReference; lastKnownFileType = sourcecode.swift; path = PickerNew.swift; sourceTree = "<group>"; };
		818EACE22A339C3800BEED9D /* GoogleService-Info.plist */ = {isa = PBXFileReference; fileEncoding = 4; lastKnownFileType = text.plist.xml; path = "GoogleService-Info.plist"; sourceTree = "<group>"; };
		819EB98C2A13E29500C79451 /* Enter.swift */ = {isa = PBXFileReference; lastKnownFileType = sourcecode.swift; path = Enter.swift; sourceTree = "<group>"; };
		819EB9902A13E8EC00C79451 /* Fields.swift */ = {isa = PBXFileReference; lastKnownFileType = sourcecode.swift; path = Fields.swift; sourceTree = "<group>"; };
		819EB9922A13EC3600C79451 /* AddBuisness.swift */ = {isa = PBXFileReference; lastKnownFileType = sourcecode.swift; path = AddBuisness.swift; sourceTree = "<group>"; };
		81C7CCF02A1E57420004DCF0 /* RegisterView.swift */ = {isa = PBXFileReference; lastKnownFileType = sourcecode.swift; path = RegisterView.swift; sourceTree = "<group>"; };
		81DAE19E2A20F1670076E2E5 /* ProfilViewModel.swift */ = {isa = PBXFileReference; lastKnownFileType = sourcecode.swift; path = ProfilViewModel.swift; sourceTree = "<group>"; };
		81DAE1A02A20F2E80076E2E5 /* MainView.swift */ = {isa = PBXFileReference; lastKnownFileType = sourcecode.swift; path = MainView.swift; sourceTree = "<group>"; };
		81E2A9C92A061324002D5BEB /* OpenControl.app */ = {isa = PBXFileReference; explicitFileType = wrapper.application; includeInIndex = 0; path = OpenControl.app; sourceTree = BUILT_PRODUCTS_DIR; };
		81E2A9CC2A061324002D5BEB /* OpenControlApp.swift */ = {isa = PBXFileReference; lastKnownFileType = sourcecode.swift; path = OpenControlApp.swift; sourceTree = "<group>"; };
		81E2A9CE2A061324002D5BEB /* ContentView.swift */ = {isa = PBXFileReference; lastKnownFileType = sourcecode.swift; path = ContentView.swift; sourceTree = "<group>"; };
		81E2A9D02A061325002D5BEB /* Assets.xcassets */ = {isa = PBXFileReference; lastKnownFileType = folder.assetcatalog; path = Assets.xcassets; sourceTree = "<group>"; };
		81E2A9D32A061325002D5BEB /* Preview Assets.xcassets */ = {isa = PBXFileReference; lastKnownFileType = folder.assetcatalog; path = "Preview Assets.xcassets"; sourceTree = "<group>"; };
		81E2A9D52A061325002D5BEB /* Persistence.swift */ = {isa = PBXFileReference; lastKnownFileType = sourcecode.swift; path = Persistence.swift; sourceTree = "<group>"; };
		81E2A9D82A061325002D5BEB /* OpenControl.xcdatamodel */ = {isa = PBXFileReference; lastKnownFileType = wrapper.xcdatamodel; path = OpenControl.xcdatamodel; sourceTree = "<group>"; };
		81E2A9E82A061494002D5BEB /* SwiftUIView.swift */ = {isa = PBXFileReference; lastKnownFileType = sourcecode.swift; path = SwiftUIView.swift; sourceTree = "<group>"; };
		81E2A9EA2A0618B2002D5BEB /* Api.swift */ = {isa = PBXFileReference; lastKnownFileType = sourcecode.swift; path = Api.swift; sourceTree = "<group>"; };
		81E758B62A23ADC800A92EC1 /* NotesViewVodel.swift */ = {isa = PBXFileReference; lastKnownFileType = sourcecode.swift; path = NotesViewVodel.swift; sourceTree = "<group>"; };
		81E758B82A23B9E500A92EC1 /* NoteRowViewModel.swift */ = {isa = PBXFileReference; lastKnownFileType = sourcecode.swift; path = NoteRowViewModel.swift; sourceTree = "<group>"; };
		81E8FC4D2A07F2AB00DF0653 /* VideoPicker.swift */ = {isa = PBXFileReference; lastKnownFileType = sourcecode.swift; path = VideoPicker.swift; sourceTree = "<group>"; };
		81E8FC4F2A07FA7B00DF0653 /* DocumentPicker.swift */ = {isa = PBXFileReference; lastKnownFileType = sourcecode.swift; path = DocumentPicker.swift; sourceTree = "<group>"; };
/* End PBXFileReference section */

/* Begin PBXFrameworksBuildPhase section */
		81E2A9C62A061324002D5BEB /* Frameworks */ = {
			isa = PBXFrameworksBuildPhase;
			buildActionMask = 2147483647;
			files = (
				81E2A9E32A061481002D5BEB /* FirebaseDatabase in Frameworks */,
				81E2A9E72A061481002D5BEB /* FirebaseStorage in Frameworks */,
				81E2A9E12A061481002D5BEB /* FirebaseAuth in Frameworks */,
				815435CC2A30CDC900CA4734 /* HalfASheet in Frameworks */,
				81E2A9E52A061481002D5BEB /* FirebaseFirestore in Frameworks */,
				8176D7992A06C7B6002D4527 /* SwiftUICalendar in Frameworks */,
				8176D7962A06C75F002D4527 /* AgoraUIKit in Frameworks */,
			);
			runOnlyForDeploymentPostprocessing = 0;
		};
/* End PBXFrameworksBuildPhase section */

/* Begin PBXGroup section */
		810B327E2A1FF62F00DAF85C /* Api */ = {
			isa = PBXGroup;
			children = (
				81E2A9EA2A0618B2002D5BEB /* Api.swift */,
			);
			name = Api;
			sourceTree = "<group>";
		};
		8176D76D2A06C6DE002D4527 /* VIew */ = {
			isa = PBXGroup;
			children = (
				81E2A9E82A061494002D5BEB /* SwiftUIView.swift */,
				8176D76E2A06C6DE002D4527 /* TabBar.swift */,
				8176D76F2A06C6DE002D4527 /* Notes.swift */,
				8176D7712A06C6DE002D4527 /* NewNote.swift */,
				8176D7722A06C6DE002D4527 /* Home.swift */,
				8176D7732A06C6DE002D4527 /* Profile.swift */,
				8176D7742A06C6DE002D4527 /* ImagePicker.swift */,
				8176D7752A06C6DE002D4527 /* Note.swift */,
				8176D7762A06C6DE002D4527 /* MainMessageView.swift */,
				8176D7782A06C6DE002D4527 /* ZhalobaQuestion.swift */,
				8176D7792A06C6DE002D4527 /* ChatView.swift */,
				8176D77A2A06C6DE002D4527 /* Video.swift */,
				8176D77C2A06C6DE002D4527 /* Zhaloba.swift */,
				81E8FC4D2A07F2AB00DF0653 /* VideoPicker.swift */,
				81E8FC4F2A07FA7B00DF0653 /* DocumentPicker.swift */,
				814E6AB92A0969BD00BB6DE2 /* NoteRow.swift */,
				813F72E32A0A32FB00136610 /* NoteSheet.swift */,
				8154DDA42A13C9C800B76173 /* BotView.swift */,
				819EB9922A13EC3600C79451 /* AddBuisness.swift */,
				812EEB5E2A1C160200A515A9 /* AddProfile.swift */,
				81C7CCF02A1E57420004DCF0 /* RegisterView.swift */,
				819EB98C2A13E29500C79451 /* Enter.swift */,
				81DAE1A02A20F2E80076E2E5 /* MainView.swift */,
				81482C242A221A3D00B0A791 /* ProfileInspector.swift */,
			);
			path = VIew;
			sourceTree = "<group>";
		};
		8176D77D2A06C6DE002D4527 /* ViewModel */ = {
			isa = PBXGroup;
			children = (
				8176D77E2A06C6DE002D4527 /* UserViewModel.swift */,
				8176D77F2A06C6DE002D4527 /* ChatViewModel.swift */,
				8154DDA22A13C89200B76173 /* BotViewModel.swift */,
				81DAE19E2A20F1670076E2E5 /* ProfilViewModel.swift */,
				81482C262A22328900B0A791 /* NewNoteViewModel.swift */,
				81E758B62A23ADC800A92EC1 /* NotesViewVodel.swift */,
				81E758B82A23B9E500A92EC1 /* NoteRowViewModel.swift */,
			);
			path = ViewModel;
			sourceTree = "<group>";
		};
		8176D7802A06C6DE002D4527 /* Model */ = {
			isa = PBXGroup;
			children = (
				8176D7812A06C6DE002D4527 /* ModelUser.swift */,
			);
			path = Model;
			sourceTree = "<group>";
		};
		81E2A9C02A061324002D5BEB = {
			isa = PBXGroup;
			children = (
				81E2A9CB2A061324002D5BEB /* OpenControl */,
				81E2A9CA2A061324002D5BEB /* Products */,
			);
			sourceTree = "<group>";
		};
		81E2A9CA2A061324002D5BEB /* Products */ = {
			isa = PBXGroup;
			children = (
				81E2A9C92A061324002D5BEB /* OpenControl.app */,
			);
			name = Products;
			sourceTree = "<group>";
		};
		81E2A9CB2A061324002D5BEB /* OpenControl */ = {
			isa = PBXGroup;
			children = (
				8176D76C2A06C56C002D4527 /* Info.plist */,
				8176D75D2A06C4D9002D4527 /* Manrope-Bold.ttf */,
				8176D75C2A06C4D9002D4527 /* Manrope-ExtraBold.ttf */,
				8176D7602A06C4DA002D4527 /* Manrope-ExtraLight.ttf */,
				8176D75E2A06C4DA002D4527 /* Manrope-Light.ttf */,
				818EACE22A339C3800BEED9D /* GoogleService-Info.plist */,
				8176D7622A06C4DA002D4527 /* Manrope-Medium.ttf */,
				8176D75F2A06C4DA002D4527 /* Manrope-Regular.ttf */,
				8176D7632A06C4DA002D4527 /* Manrope-SemiBold.ttf */,
				81E2A9CC2A061324002D5BEB /* OpenControlApp.swift */,
				81E2A9CE2A061324002D5BEB /* ContentView.swift */,
				81E2A9D02A061325002D5BEB /* Assets.xcassets */,
				81E2A9D52A061325002D5BEB /* Persistence.swift */,
				81E2A9D72A061325002D5BEB /* OpenControl.xcdatamodeld */,
				81E2A9D22A061325002D5BEB /* Preview Content */,
				810B327E2A1FF62F00DAF85C /* Api */,
				8176D76D2A06C6DE002D4527 /* VIew */,
				8176D7802A06C6DE002D4527 /* Model */,
				8176D77D2A06C6DE002D4527 /* ViewModel */,
				8176D79A2A06E6B2002D4527 /* PickerNew.swift */,
				814E6ABB2A0973EB00BB6DE2 /* Localization.swift */,
				819EB9902A13E8EC00C79451 /* Fields.swift */,
				8176D77B2A06C6DE002D4527 /* Color.swift */,
			);
			path = OpenControl;
			sourceTree = "<group>";
		};
		81E2A9D22A061325002D5BEB /* Preview Content */ = {
			isa = PBXGroup;
			children = (
				81E2A9D32A061325002D5BEB /* Preview Assets.xcassets */,
			);
			path = "Preview Content";
			sourceTree = "<group>";
		};
/* End PBXGroup section */

/* Begin PBXNativeTarget section */
		81E2A9C82A061324002D5BEB /* OpenControl */ = {
			isa = PBXNativeTarget;
			buildConfigurationList = 81E2A9DC2A061325002D5BEB /* Build configuration list for PBXNativeTarget "OpenControl" */;
			buildPhases = (
				81E2A9C52A061324002D5BEB /* Sources */,
				81E2A9C62A061324002D5BEB /* Frameworks */,
				81E2A9C72A061324002D5BEB /* Resources */,
			);
			buildRules = (
			);
			dependencies = (
			);
			name = OpenControl;
			packageProductDependencies = (
				81E2A9E02A061481002D5BEB /* FirebaseAuth */,
				81E2A9E22A061481002D5BEB /* FirebaseDatabase */,
				81E2A9E42A061481002D5BEB /* FirebaseFirestore */,
				81E2A9E62A061481002D5BEB /* FirebaseStorage */,
				8176D7952A06C75F002D4527 /* AgoraUIKit */,
				8176D7982A06C7B6002D4527 /* SwiftUICalendar */,
				815435CB2A30CDC900CA4734 /* HalfASheet */,
			);
			productName = OpenControl;
			productReference = 81E2A9C92A061324002D5BEB /* OpenControl.app */;
			productType = "com.apple.product-type.application";
		};
/* End PBXNativeTarget section */

/* Begin PBXProject section */
		81E2A9C12A061324002D5BEB /* Project object */ = {
			isa = PBXProject;
			attributes = {
				BuildIndependentTargetsInParallel = 1;
				LastSwiftUpdateCheck = 1410;
				LastUpgradeCheck = 1410;
				TargetAttributes = {
					81E2A9C82A061324002D5BEB = {
						CreatedOnToolsVersion = 14.1;
					};
				};
			};
			buildConfigurationList = 81E2A9C42A061324002D5BEB /* Build configuration list for PBXProject "OpenControl" */;
			compatibilityVersion = "Xcode 14.0";
			developmentRegion = en;
			hasScannedForEncodings = 0;
			knownRegions = (
				en,
				ru,
			);
			mainGroup = 81E2A9C02A061324002D5BEB;
			packageReferences = (
				81E2A9DF2A061481002D5BEB /* XCRemoteSwiftPackageReference "firebase-ios-sdk" */,
				8176D7942A06C75F002D4527 /* XCRemoteSwiftPackageReference "VideoUIKit-iOS" */,
				8176D7972A06C7B6002D4527 /* XCRemoteSwiftPackageReference "SwiftUICalendar" */,
				815435CA2A30CDC900CA4734 /* XCRemoteSwiftPackageReference "HalfASheet" */,
			);
			productRefGroup = 81E2A9CA2A061324002D5BEB /* Products */;
			projectDirPath = "";
			projectRoot = "";
			targets = (
				81E2A9C82A061324002D5BEB /* OpenControl */,
			);
		};
/* End PBXProject section */

/* Begin PBXResourcesBuildPhase section */
		81E2A9C72A061324002D5BEB /* Resources */ = {
			isa = PBXResourcesBuildPhase;
			buildActionMask = 2147483647;
			files = (
				81E2A9D42A061325002D5BEB /* Preview Assets.xcassets in Resources */,
				8176D7652A06C4DA002D4527 /* Manrope-Bold.ttf in Resources */,
				8176D7642A06C4DA002D4527 /* Manrope-ExtraBold.ttf in Resources */,
				8176D76B2A06C4DA002D4527 /* Manrope-SemiBold.ttf in Resources */,
				8176D76A2A06C4DA002D4527 /* Manrope-Medium.ttf in Resources */,
				81E2A9D12A061325002D5BEB /* Assets.xcassets in Resources */,
				8176D7662A06C4DA002D4527 /* Manrope-Light.ttf in Resources */,
				818EACE32A339C3800BEED9D /* GoogleService-Info.plist in Resources */,
				8176D7682A06C4DA002D4527 /* Manrope-ExtraLight.ttf in Resources */,
				8176D7672A06C4DA002D4527 /* Manrope-Regular.ttf in Resources */,
			);
			runOnlyForDeploymentPostprocessing = 0;
		};
/* End PBXResourcesBuildPhase section */

/* Begin PBXSourcesBuildPhase section */
		81E2A9C52A061324002D5BEB /* Sources */ = {
			isa = PBXSourcesBuildPhase;
			buildActionMask = 2147483647;
			files = (
				8176D7882A06C6DE002D4527 /* ImagePicker.swift in Sources */,
				8176D7912A06C6DE002D4527 /* UserViewModel.swift in Sources */,
				814E6ABC2A0973EB00BB6DE2 /* Localization.swift in Sources */,
				8176D7902A06C6DE002D4527 /* Zhaloba.swift in Sources */,
				819EB98D2A13E29500C79451 /* Enter.swift in Sources */,
				81E758B72A23ADC800A92EC1 /* NotesViewVodel.swift in Sources */,
				81E2A9EB2A0618B2002D5BEB /* Api.swift in Sources */,
				81E8FC502A07FA7B00DF0653 /* DocumentPicker.swift in Sources */,
				8176D78A2A06C6DE002D4527 /* MainMessageView.swift in Sources */,
				813F72E42A0A32FB00136610 /* NoteSheet.swift in Sources */,
				81C7CCF12A1E57420004DCF0 /* RegisterView.swift in Sources */,
				814E6ABA2A0969BD00BB6DE2 /* NoteRow.swift in Sources */,
				8176D7872A06C6DE002D4527 /* Profile.swift in Sources */,
				81482C272A22328900B0A791 /* NewNoteViewModel.swift in Sources */,
				8154DDA52A13C9C800B76173 /* BotView.swift in Sources */,
				8176D7922A06C6DE002D4527 /* ChatViewModel.swift in Sources */,
				8176D78D2A06C6DE002D4527 /* ChatView.swift in Sources */,
				81482C252A221A3D00B0A791 /* ProfileInspector.swift in Sources */,
				81E8FC4E2A07F2AB00DF0653 /* VideoPicker.swift in Sources */,
				81E2A9D62A061325002D5BEB /* Persistence.swift in Sources */,
				8154DDA32A13C89200B76173 /* BotViewModel.swift in Sources */,
				8176D7852A06C6DE002D4527 /* NewNote.swift in Sources */,
				8176D7862A06C6DE002D4527 /* Home.swift in Sources */,
				81E2A9CF2A061324002D5BEB /* ContentView.swift in Sources */,
				812EEB5F2A1C160200A515A9 /* AddProfile.swift in Sources */,
				81E2A9CD2A061324002D5BEB /* OpenControlApp.swift in Sources */,
				8176D79B2A06E6B2002D4527 /* PickerNew.swift in Sources */,
				81DAE1A12A20F2E80076E2E5 /* MainView.swift in Sources */,
				8176D7892A06C6DE002D4527 /* Note.swift in Sources */,
				81E758B92A23B9E500A92EC1 /* NoteRowViewModel.swift in Sources */,
				81E2A9D92A061325002D5BEB /* OpenControl.xcdatamodeld in Sources */,
				819EB9912A13E8EC00C79451 /* Fields.swift in Sources */,
				8176D78F2A06C6DE002D4527 /* Color.swift in Sources */,
				81DAE19F2A20F1670076E2E5 /* ProfilViewModel.swift in Sources */,
				81E2A9E92A061494002D5BEB /* SwiftUIView.swift in Sources */,
				8176D7932A06C6DE002D4527 /* ModelUser.swift in Sources */,
				8176D78C2A06C6DE002D4527 /* ZhalobaQuestion.swift in Sources */,
				8176D78E2A06C6DE002D4527 /* Video.swift in Sources */,
				8176D7822A06C6DE002D4527 /* TabBar.swift in Sources */,
				8176D7832A06C6DE002D4527 /* Notes.swift in Sources */,
				819EB9932A13EC3600C79451 /* AddBuisness.swift in Sources */,
			);
			runOnlyForDeploymentPostprocessing = 0;
		};
/* End PBXSourcesBuildPhase section */

/* Begin XCBuildConfiguration section */
		81E2A9DA2A061325002D5BEB /* Debug */ = {
			isa = XCBuildConfiguration;
			buildSettings = {
				ALWAYS_SEARCH_USER_PATHS = NO;
				CLANG_ANALYZER_NONNULL = YES;
				CLANG_ANALYZER_NUMBER_OBJECT_CONVERSION = YES_AGGRESSIVE;
				CLANG_CXX_LANGUAGE_STANDARD = "gnu++20";
				CLANG_ENABLE_MODULES = YES;
				CLANG_ENABLE_OBJC_ARC = YES;
				CLANG_ENABLE_OBJC_WEAK = YES;
				CLANG_WARN_BLOCK_CAPTURE_AUTORELEASING = YES;
				CLANG_WARN_BOOL_CONVERSION = YES;
				CLANG_WARN_COMMA = YES;
				CLANG_WARN_CONSTANT_CONVERSION = YES;
				CLANG_WARN_DEPRECATED_OBJC_IMPLEMENTATIONS = YES;
				CLANG_WARN_DIRECT_OBJC_ISA_USAGE = YES_ERROR;
				CLANG_WARN_DOCUMENTATION_COMMENTS = YES;
				CLANG_WARN_EMPTY_BODY = YES;
				CLANG_WARN_ENUM_CONVERSION = YES;
				CLANG_WARN_INFINITE_RECURSION = YES;
				CLANG_WARN_INT_CONVERSION = YES;
				CLANG_WARN_NON_LITERAL_NULL_CONVERSION = YES;
				CLANG_WARN_OBJC_IMPLICIT_RETAIN_SELF = YES;
				CLANG_WARN_OBJC_LITERAL_CONVERSION = YES;
				CLANG_WARN_OBJC_ROOT_CLASS = YES_ERROR;
				CLANG_WARN_QUOTED_INCLUDE_IN_FRAMEWORK_HEADER = YES;
				CLANG_WARN_RANGE_LOOP_ANALYSIS = YES;
				CLANG_WARN_STRICT_PROTOTYPES = YES;
				CLANG_WARN_SUSPICIOUS_MOVE = YES;
				CLANG_WARN_UNGUARDED_AVAILABILITY = YES_AGGRESSIVE;
				CLANG_WARN_UNREACHABLE_CODE = YES;
				CLANG_WARN__DUPLICATE_METHOD_MATCH = YES;
				COPY_PHASE_STRIP = NO;
				DEBUG_INFORMATION_FORMAT = dwarf;
				ENABLE_STRICT_OBJC_MSGSEND = YES;
				ENABLE_TESTABILITY = YES;
				GCC_C_LANGUAGE_STANDARD = gnu11;
				GCC_DYNAMIC_NO_PIC = NO;
				GCC_NO_COMMON_BLOCKS = YES;
				GCC_OPTIMIZATION_LEVEL = 0;
				GCC_PREPROCESSOR_DEFINITIONS = (
					"DEBUG=1",
					"$(inherited)",
				);
				GCC_WARN_64_TO_32_BIT_CONVERSION = YES;
				GCC_WARN_ABOUT_RETURN_TYPE = YES_ERROR;
				GCC_WARN_UNDECLARED_SELECTOR = YES;
				GCC_WARN_UNINITIALIZED_AUTOS = YES_AGGRESSIVE;
				GCC_WARN_UNUSED_FUNCTION = YES;
				GCC_WARN_UNUSED_VARIABLE = YES;
				"INFOPLIST_KEY_UIUserInterfaceStyle[sdk=iphonesimulator*]" = Light;
				IPHONEOS_DEPLOYMENT_TARGET = 16.1;
				MTL_ENABLE_DEBUG_INFO = INCLUDE_SOURCE;
				MTL_FAST_MATH = YES;
				ONLY_ACTIVE_ARCH = YES;
				SDKROOT = iphoneos;
				SWIFT_ACTIVE_COMPILATION_CONDITIONS = DEBUG;
				SWIFT_OPTIMIZATION_LEVEL = "-Onone";
			};
			name = Debug;
		};
		81E2A9DB2A061325002D5BEB /* Release */ = {
			isa = XCBuildConfiguration;
			buildSettings = {
				ALWAYS_SEARCH_USER_PATHS = NO;
				CLANG_ANALYZER_NONNULL = YES;
				CLANG_ANALYZER_NUMBER_OBJECT_CONVERSION = YES_AGGRESSIVE;
				CLANG_CXX_LANGUAGE_STANDARD = "gnu++20";
				CLANG_ENABLE_MODULES = YES;
				CLANG_ENABLE_OBJC_ARC = YES;
				CLANG_ENABLE_OBJC_WEAK = YES;
				CLANG_WARN_BLOCK_CAPTURE_AUTORELEASING = YES;
				CLANG_WARN_BOOL_CONVERSION = YES;
				CLANG_WARN_COMMA = YES;
				CLANG_WARN_CONSTANT_CONVERSION = YES;
				CLANG_WARN_DEPRECATED_OBJC_IMPLEMENTATIONS = YES;
				CLANG_WARN_DIRECT_OBJC_ISA_USAGE = YES_ERROR;
				CLANG_WARN_DOCUMENTATION_COMMENTS = YES;
				CLANG_WARN_EMPTY_BODY = YES;
				CLANG_WARN_ENUM_CONVERSION = YES;
				CLANG_WARN_INFINITE_RECURSION = YES;
				CLANG_WARN_INT_CONVERSION = YES;
				CLANG_WARN_NON_LITERAL_NULL_CONVERSION = YES;
				CLANG_WARN_OBJC_IMPLICIT_RETAIN_SELF = YES;
				CLANG_WARN_OBJC_LITERAL_CONVERSION = YES;
				CLANG_WARN_OBJC_ROOT_CLASS = YES_ERROR;
				CLANG_WARN_QUOTED_INCLUDE_IN_FRAMEWORK_HEADER = YES;
				CLANG_WARN_RANGE_LOOP_ANALYSIS = YES;
				CLANG_WARN_STRICT_PROTOTYPES = YES;
				CLANG_WARN_SUSPICIOUS_MOVE = YES;
				CLANG_WARN_UNGUARDED_AVAILABILITY = YES_AGGRESSIVE;
				CLANG_WARN_UNREACHABLE_CODE = YES;
				CLANG_WARN__DUPLICATE_METHOD_MATCH = YES;
				COPY_PHASE_STRIP = NO;
				DEBUG_INFORMATION_FORMAT = "dwarf-with-dsym";
				ENABLE_NS_ASSERTIONS = NO;
				ENABLE_STRICT_OBJC_MSGSEND = YES;
				GCC_C_LANGUAGE_STANDARD = gnu11;
				GCC_NO_COMMON_BLOCKS = YES;
				GCC_WARN_64_TO_32_BIT_CONVERSION = YES;
				GCC_WARN_ABOUT_RETURN_TYPE = YES_ERROR;
				GCC_WARN_UNDECLARED_SELECTOR = YES;
				GCC_WARN_UNINITIALIZED_AUTOS = YES_AGGRESSIVE;
				GCC_WARN_UNUSED_FUNCTION = YES;
				GCC_WARN_UNUSED_VARIABLE = YES;
				"INFOPLIST_KEY_UIUserInterfaceStyle[sdk=*]" = Light;
				IPHONEOS_DEPLOYMENT_TARGET = 16.1;
				MTL_ENABLE_DEBUG_INFO = NO;
				MTL_FAST_MATH = YES;
				SDKROOT = iphoneos;
				SWIFT_COMPILATION_MODE = wholemodule;
				SWIFT_OPTIMIZATION_LEVEL = "-O";
				VALIDATE_PRODUCT = YES;
			};
			name = Release;
		};
		81E2A9DD2A061325002D5BEB /* Debug */ = {
			isa = XCBuildConfiguration;
			buildSettings = {
				ASSETCATALOG_COMPILER_APPICON_NAME = AppIcon;
				ASSETCATALOG_COMPILER_GLOBAL_ACCENT_COLOR_NAME = AccentColor;
				CODE_SIGN_STYLE = Automatic;
				CURRENT_PROJECT_VERSION = 1;
				DEVELOPMENT_ASSET_PATHS = "\"OpenControl/Preview Content\"";
				DEVELOPMENT_TEAM = 6CCCYRW6R5;
				ENABLE_PREVIEWS = YES;
				GENERATE_INFOPLIST_FILE = YES;
				INFOPLIST_FILE = OpenControl/Info.plist;
				INFOPLIST_KEY_NSCameraUsageDescription = "to see";
				INFOPLIST_KEY_NSMicrophoneUsageDescription = "to see";
				INFOPLIST_KEY_UIApplicationSupportsIndirectInputEvents = YES;
				INFOPLIST_KEY_UILaunchScreen_Generation = YES;
				INFOPLIST_KEY_UISupportedInterfaceOrientations_iPad = "UIInterfaceOrientationPortrait UIInterfaceOrientationPortraitUpsideDown UIInterfaceOrientationLandscapeLeft UIInterfaceOrientationLandscapeRight";
				INFOPLIST_KEY_UISupportedInterfaceOrientations_iPhone = "UIInterfaceOrientationPortrait UIInterfaceOrientationLandscapeLeft UIInterfaceOrientationLandscapeRight";
				INFOPLIST_KEY_UIUserInterfaceStyle = Light;
				LD_RUNPATH_SEARCH_PATHS = (
					"$(inherited)",
					"@executable_path/Frameworks",
				);
				MARKETING_VERSION = 1.0;
				PRODUCT_BUNDLE_IDENTIFIER = "com.alexx-bobr.OpenControl.v1";
				PRODUCT_NAME = "$(TARGET_NAME)";
				SWIFT_EMIT_LOC_STRINGS = YES;
				SWIFT_VERSION = 5.0;
				TARGETED_DEVICE_FAMILY = "1,2";
			};
			name = Debug;
		};
		81E2A9DE2A061325002D5BEB /* Release */ = {
			isa = XCBuildConfiguration;
			buildSettings = {
				ASSETCATALOG_COMPILER_APPICON_NAME = AppIcon;
				ASSETCATALOG_COMPILER_GLOBAL_ACCENT_COLOR_NAME = AccentColor;
				CODE_SIGN_STYLE = Automatic;
				CURRENT_PROJECT_VERSION = 1;
				DEVELOPMENT_ASSET_PATHS = "\"OpenControl/Preview Content\"";
				DEVELOPMENT_TEAM = 6CCCYRW6R5;
				ENABLE_PREVIEWS = YES;
				GENERATE_INFOPLIST_FILE = YES;
				INFOPLIST_FILE = OpenControl/Info.plist;
				INFOPLIST_KEY_NSCameraUsageDescription = "to see";
				INFOPLIST_KEY_NSMicrophoneUsageDescription = "to see";
				INFOPLIST_KEY_UIApplicationSupportsIndirectInputEvents = YES;
				INFOPLIST_KEY_UILaunchScreen_Generation = YES;
				INFOPLIST_KEY_UISupportedInterfaceOrientations_iPad = "UIInterfaceOrientationPortrait UIInterfaceOrientationPortraitUpsideDown UIInterfaceOrientationLandscapeLeft UIInterfaceOrientationLandscapeRight";
				INFOPLIST_KEY_UISupportedInterfaceOrientations_iPhone = "UIInterfaceOrientationPortrait UIInterfaceOrientationLandscapeLeft UIInterfaceOrientationLandscapeRight";
				INFOPLIST_KEY_UIUserInterfaceStyle = Light;
				LD_RUNPATH_SEARCH_PATHS = (
					"$(inherited)",
					"@executable_path/Frameworks",
				);
				MARKETING_VERSION = 1.0;
				PRODUCT_BUNDLE_IDENTIFIER = "com.alexx-bobr.OpenControl.v1";
				PRODUCT_NAME = "$(TARGET_NAME)";
				SWIFT_EMIT_LOC_STRINGS = YES;
				SWIFT_VERSION = 5.0;
				TARGETED_DEVICE_FAMILY = "1,2";
			};
			name = Release;
		};
/* End XCBuildConfiguration section */

/* Begin XCConfigurationList section */
		81E2A9C42A061324002D5BEB /* Build configuration list for PBXProject "OpenControl" */ = {
			isa = XCConfigurationList;
			buildConfigurations = (
				81E2A9DA2A061325002D5BEB /* Debug */,
				81E2A9DB2A061325002D5BEB /* Release */,
			);
			defaultConfigurationIsVisible = 0;
			defaultConfigurationName = Release;
		};
		81E2A9DC2A061325002D5BEB /* Build configuration list for PBXNativeTarget "OpenControl" */ = {
			isa = XCConfigurationList;
			buildConfigurations = (
				81E2A9DD2A061325002D5BEB /* Debug */,
				81E2A9DE2A061325002D5BEB /* Release */,
			);
			defaultConfigurationIsVisible = 0;
			defaultConfigurationName = Release;
		};
/* End XCConfigurationList section */

/* Begin XCRemoteSwiftPackageReference section */
		815435CA2A30CDC900CA4734 /* XCRemoteSwiftPackageReference "HalfASheet" */ = {
			isa = XCRemoteSwiftPackageReference;
			repositoryURL = "https://github.com/franklynw/HalfASheet.git";
			requirement = {
				kind = upToNextMajorVersion;
				minimumVersion = 1.0.0;
			};
		};
		8176D7942A06C75F002D4527 /* XCRemoteSwiftPackageReference "VideoUIKit-iOS" */ = {
			isa = XCRemoteSwiftPackageReference;
			repositoryURL = "https://github.com/AgoraIO-Community/VideoUIKit-iOS.git";
			requirement = {
				kind = upToNextMajorVersion;
				minimumVersion = 4.0.0;
			};
		};
		8176D7972A06C7B6002D4527 /* XCRemoteSwiftPackageReference "SwiftUICalendar" */ = {
			isa = XCRemoteSwiftPackageReference;
			repositoryURL = "https://github.com/GGJJack/SwiftUICalendar";
			requirement = {
				kind = upToNextMajorVersion;
				minimumVersion = 0.1.6;
			};
		};
		81E2A9DF2A061481002D5BEB /* XCRemoteSwiftPackageReference "firebase-ios-sdk" */ = {
			isa = XCRemoteSwiftPackageReference;
			repositoryURL = "https://github.com/firebase/firebase-ios-sdk";
			requirement = {
				kind = upToNextMajorVersion;
				minimumVersion = 9.0.0;
			};
		};
/* End XCRemoteSwiftPackageReference section */

/* Begin XCSwiftPackageProductDependency section */
		815435CB2A30CDC900CA4734 /* HalfASheet */ = {
			isa = XCSwiftPackageProductDependency;
			package = 815435CA2A30CDC900CA4734 /* XCRemoteSwiftPackageReference "HalfASheet" */;
			productName = HalfASheet;
		};
		8176D7952A06C75F002D4527 /* AgoraUIKit */ = {
			isa = XCSwiftPackageProductDependency;
			package = 8176D7942A06C75F002D4527 /* XCRemoteSwiftPackageReference "VideoUIKit-iOS" */;
			productName = AgoraUIKit;
		};
		8176D7982A06C7B6002D4527 /* SwiftUICalendar */ = {
			isa = XCSwiftPackageProductDependency;
			package = 8176D7972A06C7B6002D4527 /* XCRemoteSwiftPackageReference "SwiftUICalendar" */;
			productName = SwiftUICalendar;
		};
		81E2A9E02A061481002D5BEB /* FirebaseAuth */ = {
			isa = XCSwiftPackageProductDependency;
			package = 81E2A9DF2A061481002D5BEB /* XCRemoteSwiftPackageReference "firebase-ios-sdk" */;
			productName = FirebaseAuth;
		};
		81E2A9E22A061481002D5BEB /* FirebaseDatabase */ = {
			isa = XCSwiftPackageProductDependency;
			package = 81E2A9DF2A061481002D5BEB /* XCRemoteSwiftPackageReference "firebase-ios-sdk" */;
			productName = FirebaseDatabase;
		};
		81E2A9E42A061481002D5BEB /* FirebaseFirestore */ = {
			isa = XCSwiftPackageProductDependency;
			package = 81E2A9DF2A061481002D5BEB /* XCRemoteSwiftPackageReference "firebase-ios-sdk" */;
			productName = FirebaseFirestore;
		};
		81E2A9E62A061481002D5BEB /* FirebaseStorage */ = {
			isa = XCSwiftPackageProductDependency;
			package = 81E2A9DF2A061481002D5BEB /* XCRemoteSwiftPackageReference "firebase-ios-sdk" */;
			productName = FirebaseStorage;
		};
/* End XCSwiftPackageProductDependency section */

/* Begin XCVersionGroup section */
		81E2A9D72A061325002D5BEB /* OpenControl.xcdatamodeld */ = {
			isa = XCVersionGroup;
			children = (
				81E2A9D82A061325002D5BEB /* OpenControl.xcdatamodel */,
			);
			currentVersion = 81E2A9D82A061325002D5BEB /* OpenControl.xcdatamodel */;
			path = OpenControl.xcdatamodeld;
			sourceTree = "<group>";
			versionGroupType = wrapper.xcdatamodel;
		};
/* End XCVersionGroup section */
	};
	rootObject = 81E2A9C12A061324002D5BEB /* Project object */;
}
